// !$*UTF8*$!
{
	archiveVersion = 1;
	classes = {
	};
	objectVersion = 50;
	objects = {

/* Begin PBXBuildFile section */
		470383CB24385DAD00F7D1A3 /* AppDelegate.swift in Sources */ = {isa = PBXBuildFile; fileRef = 470383CA24385DAD00F7D1A3 /* AppDelegate.swift */; };
		470383CD24385DAD00F7D1A3 /* SceneDelegate.swift in Sources */ = {isa = PBXBuildFile; fileRef = 470383CC24385DAD00F7D1A3 /* SceneDelegate.swift */; };
		470383CF24385DAD00F7D1A3 /* ContentView.swift in Sources */ = {isa = PBXBuildFile; fileRef = 470383CE24385DAD00F7D1A3 /* ContentView.swift */; };
		470383D124385DB000F7D1A3 /* Assets.xcassets in Resources */ = {isa = PBXBuildFile; fileRef = 470383D024385DB000F7D1A3 /* Assets.xcassets */; };
		470383D424385DB000F7D1A3 /* Preview Assets.xcassets in Resources */ = {isa = PBXBuildFile; fileRef = 470383D324385DB000F7D1A3 /* Preview Assets.xcassets */; };
		470383D724385DB000F7D1A3 /* LaunchScreen.storyboard in Resources */ = {isa = PBXBuildFile; fileRef = 470383D524385DB000F7D1A3 /* LaunchScreen.storyboard */; };
		470383E224385DB000F7D1A3 /* SwiftUIEssentialsTests.swift in Sources */ = {isa = PBXBuildFile; fileRef = 470383E124385DB000F7D1A3 /* SwiftUIEssentialsTests.swift */; };
		470383ED24385DB000F7D1A3 /* SwiftUIEssentialsUITests.swift in Sources */ = {isa = PBXBuildFile; fileRef = 470383EC24385DB000F7D1A3 /* SwiftUIEssentialsUITests.swift */; };
/* End PBXBuildFile section */

/* Begin PBXContainerItemProxy section */
		470383DE24385DB000F7D1A3 /* PBXContainerItemProxy */ = {
			isa = PBXContainerItemProxy;
			containerPortal = 470383BF24385DAD00F7D1A3 /* Project object */;
			proxyType = 1;
			remoteGlobalIDString = 470383C624385DAD00F7D1A3;
			remoteInfo = SwiftUIEssentials;
		};
		470383E924385DB000F7D1A3 /* PBXContainerItemProxy */ = {
			isa = PBXContainerItemProxy;
			containerPortal = 470383BF24385DAD00F7D1A3 /* Project object */;
			proxyType = 1;
			remoteGlobalIDString = 470383C624385DAD00F7D1A3;
			remoteInfo = SwiftUIEssentials;
		};
/* End PBXContainerItemProxy section */

/* Begin PBXFileReference section */
		470383C724385DAD00F7D1A3 /* SwiftUIEssentials.app */ = {isa = PBXFileReference; explicitFileType = wrapper.application; includeInIndex = 0; path = SwiftUIEssentials.app; sourceTree = BUILT_PRODUCTS_DIR; };
		470383CA24385DAD00F7D1A3 /* AppDelegate.swift */ = {isa = PBXFileReference; lastKnownFileType = sourcecode.swift; path = AppDelegate.swift; sourceTree = "<group>"; };
		470383CC24385DAD00F7D1A3 /* SceneDelegate.swift */ = {isa = PBXFileReference; lastKnownFileType = sourcecode.swift; path = SceneDelegate.swift; sourceTree = "<group>"; };
		470383CE24385DAD00F7D1A3 /* ContentView.swift */ = {isa = PBXFileReference; lastKnownFileType = sourcecode.swift; path = ContentView.swift; sourceTree = "<group>"; };
		470383D024385DB000F7D1A3 /* Assets.xcassets */ = {isa = PBXFileReference; lastKnownFileType = folder.assetcatalog; path = Assets.xcassets; sourceTree = "<group>"; };
		470383D324385DB000F7D1A3 /* Preview Assets.xcassets */ = {isa = PBXFileReference; lastKnownFileType = folder.assetcatalog; path = "Preview Assets.xcassets"; sourceTree = "<group>"; };
		470383D624385DB000F7D1A3 /* Base */ = {isa = PBXFileReference; lastKnownFileType = file.storyboard; name = Base; path = Base.lproj/LaunchScreen.storyboard; sourceTree = "<group>"; };
		470383D824385DB000F7D1A3 /* Info.plist */ = {isa = PBXFileReference; lastKnownFileType = text.plist.xml; path = Info.plist; sourceTree = "<group>"; };
		470383DD24385DB000F7D1A3 /* SwiftUIEssentialsTests.xctest */ = {isa = PBXFileReference; explicitFileType = wrapper.cfbundle; includeInIndex = 0; path = SwiftUIEssentialsTests.xctest; sourceTree = BUILT_PRODUCTS_DIR; };
		470383E124385DB000F7D1A3 /* SwiftUIEssentialsTests.swift */ = {isa = PBXFileReference; lastKnownFileType = sourcecode.swift; path = SwiftUIEssentialsTests.swift; sourceTree = "<group>"; };
		470383E324385DB000F7D1A3 /* Info.plist */ = {isa = PBXFileReference; lastKnownFileType = text.plist.xml; path = Info.plist; sourceTree = "<group>"; };
		470383E824385DB000F7D1A3 /* SwiftUIEssentialsUITests.xctest */ = {isa = PBXFileReference; explicitFileType = wrapper.cfbundle; includeInIndex = 0; path = SwiftUIEssentialsUITests.xctest; sourceTree = BUILT_PRODUCTS_DIR; };
		470383EC24385DB000F7D1A3 /* SwiftUIEssentialsUITests.swift */ = {isa = PBXFileReference; lastKnownFileType = sourcecode.swift; path = SwiftUIEssentialsUITests.swift; sourceTree = "<group>"; };
		470383EE24385DB000F7D1A3 /* Info.plist */ = {isa = PBXFileReference; lastKnownFileType = text.plist.xml; path = Info.plist; sourceTree = "<group>"; };
/* End PBXFileReference section */

/* Begin PBXFrameworksBuildPhase section */
		470383C424385DAD00F7D1A3 /* Frameworks */ = {
			isa = PBXFrameworksBuildPhase;
			buildActionMask = 2147483647;
			files = (
			);
			runOnlyForDeploymentPostprocessing = 0;
		};
		470383DA24385DB000F7D1A3 /* Frameworks */ = {
			isa = PBXFrameworksBuildPhase;
			buildActionMask = 2147483647;
			files = (
			);
			runOnlyForDeploymentPostprocessing = 0;
		};
		470383E524385DB000F7D1A3 /* Frameworks */ = {
			isa = PBXFrameworksBuildPhase;
			buildActionMask = 2147483647;
			files = (
			);
			runOnlyForDeploymentPostprocessing = 0;
		};
/* End PBXFrameworksBuildPhase section */

/* Begin PBXGroup section */
		470383BE24385DAD00F7D1A3 = {
			isa = PBXGroup;
			children = (
				470383C924385DAD00F7D1A3 /* SwiftUIEssentials */,
				470383E024385DB000F7D1A3 /* SwiftUIEssentialsTests */,
				470383EB24385DB000F7D1A3 /* SwiftUIEssentialsUITests */,
				470383C824385DAD00F7D1A3 /* Products */,
			);
			sourceTree = "<group>";
		};
		470383C824385DAD00F7D1A3 /* Products */ = {
			isa = PBXGroup;
			children = (
				470383C724385DAD00F7D1A3 /* SwiftUIEssentials.app */,
				470383DD24385DB000F7D1A3 /* SwiftUIEssentialsTests.xctest */,
				470383E824385DB000F7D1A3 /* SwiftUIEssentialsUITests.xctest */,
			);
			name = Products;
			sourceTree = "<group>";
		};
		470383C924385DAD00F7D1A3 /* SwiftUIEssentials */ = {
			isa = PBXGroup;
			children = (
				470383CA24385DAD00F7D1A3 /* AppDelegate.swift */,
				470383CC24385DAD00F7D1A3 /* SceneDelegate.swift */,
				470383CE24385DAD00F7D1A3 /* ContentView.swift */,
				470383D024385DB000F7D1A3 /* Assets.xcassets */,
				470383D524385DB000F7D1A3 /* LaunchScreen.storyboard */,
				470383D824385DB000F7D1A3 /* Info.plist */,
				470383D224385DB000F7D1A3 /* Preview Content */,
			);
			path = SwiftUIEssentials;
			sourceTree = "<group>";
		};
		470383D224385DB000F7D1A3 /* Preview Content */ = {
			isa = PBXGroup;
			children = (
				470383D324385DB000F7D1A3 /* Preview Assets.xcassets */,
			);
			path = "Preview Content";
			sourceTree = "<group>";
		};
		470383E024385DB000F7D1A3 /* SwiftUIEssentialsTests */ = {
			isa = PBXGroup;
			children = (
				470383E124385DB000F7D1A3 /* SwiftUIEssentialsTests.swift */,
				470383E324385DB000F7D1A3 /* Info.plist */,
			);
			path = SwiftUIEssentialsTests;
			sourceTree = "<group>";
		};
		470383EB24385DB000F7D1A3 /* SwiftUIEssentialsUITests */ = {
			isa = PBXGroup;
			children = (
				470383EC24385DB000F7D1A3 /* SwiftUIEssentialsUITests.swift */,
				470383EE24385DB000F7D1A3 /* Info.plist */,
			);
			path = SwiftUIEssentialsUITests;
			sourceTree = "<group>";
		};
/* End PBXGroup section */

/* Begin PBXNativeTarget section */
		470383C624385DAD00F7D1A3 /* SwiftUIEssentials */ = {
			isa = PBXNativeTarget;
			buildConfigurationList = 470383F124385DB000F7D1A3 /* Build configuration list for PBXNativeTarget "SwiftUIEssentials" */;
			buildPhases = (
				470383C324385DAD00F7D1A3 /* Sources */,
				470383C424385DAD00F7D1A3 /* Frameworks */,
				470383C524385DAD00F7D1A3 /* Resources */,
			);
			buildRules = (
			);
			dependencies = (
			);
			name = SwiftUIEssentials;
			productName = SwiftUIEssentials;
			productReference = 470383C724385DAD00F7D1A3 /* SwiftUIEssentials.app */;
			productType = "com.apple.product-type.application";
		};
		470383DC24385DB000F7D1A3 /* SwiftUIEssentialsTests */ = {
			isa = PBXNativeTarget;
			buildConfigurationList = 470383F424385DB000F7D1A3 /* Build configuration list for PBXNativeTarget "SwiftUIEssentialsTests" */;
			buildPhases = (
				470383D924385DB000F7D1A3 /* Sources */,
				470383DA24385DB000F7D1A3 /* Frameworks */,
				470383DB24385DB000F7D1A3 /* Resources */,
			);
			buildRules = (
			);
			dependencies = (
				470383DF24385DB000F7D1A3 /* PBXTargetDependency */,
			);
			name = SwiftUIEssentialsTests;
			productName = SwiftUIEssentialsTests;
			productReference = 470383DD24385DB000F7D1A3 /* SwiftUIEssentialsTests.xctest */;
			productType = "com.apple.product-type.bundle.unit-test";
		};
		470383E724385DB000F7D1A3 /* SwiftUIEssentialsUITests */ = {
			isa = PBXNativeTarget;
			buildConfigurationList = 470383F724385DB000F7D1A3 /* Build configuration list for PBXNativeTarget "SwiftUIEssentialsUITests" */;
			buildPhases = (
				470383E424385DB000F7D1A3 /* Sources */,
				470383E524385DB000F7D1A3 /* Frameworks */,
				470383E624385DB000F7D1A3 /* Resources */,
			);
			buildRules = (
			);
			dependencies = (
				470383EA24385DB000F7D1A3 /* PBXTargetDependency */,
			);
			name = SwiftUIEssentialsUITests;
			productName = SwiftUIEssentialsUITests;
			productReference = 470383E824385DB000F7D1A3 /* SwiftUIEssentialsUITests.xctest */;
			productType = "com.apple.product-type.bundle.ui-testing";
		};
/* End PBXNativeTarget section */

/* Begin PBXProject section */
		470383BF24385DAD00F7D1A3 /* Project object */ = {
			isa = PBXProject;
			attributes = {
				LastSwiftUpdateCheck = 1130;
				LastUpgradeCheck = 1130;
				ORGANIZATIONNAME = "Ajay Lather";
				TargetAttributes = {
					470383C624385DAD00F7D1A3 = {
						CreatedOnToolsVersion = 11.3.1;
					};
					470383DC24385DB000F7D1A3 = {
						CreatedOnToolsVersion = 11.3.1;
						TestTargetID = 470383C624385DAD00F7D1A3;
					};
					470383E724385DB000F7D1A3 = {
						CreatedOnToolsVersion = 11.3.1;
						TestTargetID = 470383C624385DAD00F7D1A3;
					};
				};
			};
			buildConfigurationList = 470383C224385DAD00F7D1A3 /* Build configuration list for PBXProject "SwiftUIEssentials" */;
			compatibilityVersion = "Xcode 9.3";
			developmentRegion = en;
			hasScannedForEncodings = 0;
			knownRegions = (
				en,
				Base,
			);
			mainGroup = 470383BE24385DAD00F7D1A3;
			productRefGroup = 470383C824385DAD00F7D1A3 /* Products */;
			projectDirPath = "";
			projectRoot = "";
			targets = (
				470383C624385DAD00F7D1A3 /* SwiftUIEssentials */,
				470383DC24385DB000F7D1A3 /* SwiftUIEssentialsTests */,
				470383E724385DB000F7D1A3 /* SwiftUIEssentialsUITests */,
			);
		};
/* End PBXProject section */

/* Begin PBXResourcesBuildPhase section */
		470383C524385DAD00F7D1A3 /* Resources */ = {
			isa = PBXResourcesBuildPhase;
			buildActionMask = 2147483647;
			files = (
				470383D724385DB000F7D1A3 /* LaunchScreen.storyboard in Resources */,
				470383D424385DB000F7D1A3 /* Preview Assets.xcassets in Resources */,
				470383D124385DB000F7D1A3 /* Assets.xcassets in Resources */,
			);
			runOnlyForDeploymentPostprocessing = 0;
		};
		470383DB24385DB000F7D1A3 /* Resources */ = {
			isa = PBXResourcesBuildPhase;
			buildActionMask = 2147483647;
			files = (
			);
			runOnlyForDeploymentPostprocessing = 0;
		};
		470383E624385DB000F7D1A3 /* Resources */ = {
			isa = PBXResourcesBuildPhase;
			buildActionMask = 2147483647;
			files = (
			);
			runOnlyForDeploymentPostprocessing = 0;
		};
/* End PBXResourcesBuildPhase section */

/* Begin PBXSourcesBuildPhase section */
		470383C324385DAD00F7D1A3 /* Sources */ = {
			isa = PBXSourcesBuildPhase;
			buildActionMask = 2147483647;
			files = (
				470383CB24385DAD00F7D1A3 /* AppDelegate.swift in Sources */,
				470383CD24385DAD00F7D1A3 /* SceneDelegate.swift in Sources */,
				470383CF24385DAD00F7D1A3 /* ContentView.swift in Sources */,
			);
			runOnlyForDeploymentPostprocessing = 0;
		};
		470383D924385DB000F7D1A3 /* Sources */ = {
			isa = PBXSourcesBuildPhase;
			buildActionMask = 2147483647;
			files = (
				470383E224385DB000F7D1A3 /* SwiftUIEssentialsTests.swift in Sources */,
			);
			runOnlyForDeploymentPostprocessing = 0;
		};
		470383E424385DB000F7D1A3 /* Sources */ = {
			isa = PBXSourcesBuildPhase;
			buildActionMask = 2147483647;
			files = (
				470383ED24385DB000F7D1A3 /* SwiftUIEssentialsUITests.swift in Sources */,
			);
			runOnlyForDeploymentPostprocessing = 0;
		};
/* End PBXSourcesBuildPhase section */

/* Begin PBXTargetDependency section */
		470383DF24385DB000F7D1A3 /* PBXTargetDependency */ = {
			isa = PBXTargetDependency;
			target = 470383C624385DAD00F7D1A3 /* SwiftUIEssentials */;
			targetProxy = 470383DE24385DB000F7D1A3 /* PBXContainerItemProxy */;
		};
		470383EA24385DB000F7D1A3 /* PBXTargetDependency */ = {
			isa = PBXTargetDependency;
			target = 470383C624385DAD00F7D1A3 /* SwiftUIEssentials */;
			targetProxy = 470383E924385DB000F7D1A3 /* PBXContainerItemProxy */;
		};
/* End PBXTargetDependency section */

/* Begin PBXVariantGroup section */
		470383D524385DB000F7D1A3 /* LaunchScreen.storyboard */ = {
			isa = PBXVariantGroup;
			children = (
				470383D624385DB000F7D1A3 /* Base */,
			);
			name = LaunchScreen.storyboard;
			sourceTree = "<group>";
		};
/* End PBXVariantGroup section */

/* Begin XCBuildConfiguration section */
		470383EF24385DB000F7D1A3 /* Debug */ = {
			isa = XCBuildConfiguration;
			buildSettings = {
				ALWAYS_SEARCH_USER_PATHS = NO;
				CLANG_ANALYZER_NONNULL = YES;
				CLANG_ANALYZER_NUMBER_OBJECT_CONVERSION = YES_AGGRESSIVE;
				CLANG_CXX_LANGUAGE_STANDARD = "gnu++14";
				CLANG_CXX_LIBRARY = "libc++";
				CLANG_ENABLE_MODULES = YES;
				CLANG_ENABLE_OBJC_ARC = YES;
				CLANG_ENABLE_OBJC_WEAK = YES;
				CLANG_WARN_BLOCK_CAPTURE_AUTORELEASING = YES;
				CLANG_WARN_BOOL_CONVERSION = YES;
				CLANG_WARN_COMMA = YES;
				CLANG_WARN_CONSTANT_CONVERSION = YES;
				CLANG_WARN_DEPRECATED_OBJC_IMPLEMENTATIONS = YES;
				CLANG_WARN_DIRECT_OBJC_ISA_USAGE = YES_ERROR;
				CLANG_WARN_DOCUMENTATION_COMMENTS = YES;
				CLANG_WARN_EMPTY_BODY = YES;
				CLANG_WARN_ENUM_CONVERSION = YES;
				CLANG_WARN_INFINITE_RECURSION = YES;
				CLANG_WARN_INT_CONVERSION = YES;
				CLANG_WARN_NON_LITERAL_NULL_CONVERSION = YES;
				CLANG_WARN_OBJC_IMPLICIT_RETAIN_SELF = YES;
				CLANG_WARN_OBJC_LITERAL_CONVERSION = YES;
				CLANG_WARN_OBJC_ROOT_CLASS = YES_ERROR;
				CLANG_WARN_RANGE_LOOP_ANALYSIS = YES;
				CLANG_WARN_STRICT_PROTOTYPES = YES;
				CLANG_WARN_SUSPICIOUS_MOVE = YES;
				CLANG_WARN_UNGUARDED_AVAILABILITY = YES_AGGRESSIVE;
				CLANG_WARN_UNREACHABLE_CODE = YES;
				CLANG_WARN__DUPLICATE_METHOD_MATCH = YES;
				COPY_PHASE_STRIP = NO;
				DEBUG_INFORMATION_FORMAT = dwarf;
				ENABLE_STRICT_OBJC_MSGSEND = YES;
				ENABLE_TESTABILITY = YES;
				GCC_C_LANGUAGE_STANDARD = gnu11;
				GCC_DYNAMIC_NO_PIC = NO;
				GCC_NO_COMMON_BLOCKS = YES;
				GCC_OPTIMIZATION_LEVEL = 0;
				GCC_PREPROCESSOR_DEFINITIONS = (
					"DEBUG=1",
					"$(inherited)",
				);
				GCC_WARN_64_TO_32_BIT_CONVERSION = YES;
				GCC_WARN_ABOUT_RETURN_TYPE = YES_ERROR;
				GCC_WARN_UNDECLARED_SELECTOR = YES;
				GCC_WARN_UNINITIALIZED_AUTOS = YES_AGGRESSIVE;
				GCC_WARN_UNUSED_FUNCTION = YES;
				GCC_WARN_UNUSED_VARIABLE = YES;
				IPHONEOS_DEPLOYMENT_TARGET = 13.2;
				MTL_ENABLE_DEBUG_INFO = INCLUDE_SOURCE;
				MTL_FAST_MATH = YES;
				ONLY_ACTIVE_ARCH = YES;
				SDKROOT = iphoneos;
				SWIFT_ACTIVE_COMPILATION_CONDITIONS = DEBUG;
				SWIFT_OPTIMIZATION_LEVEL = "-Onone";
			};
			name = Debug;
		};
		470383F024385DB000F7D1A3 /* Release */ = {
			isa = XCBuildConfiguration;
			buildSettings = {
				ALWAYS_SEARCH_USER_PATHS = NO;
				CLANG_ANALYZER_NONNULL = YES;
				CLANG_ANALYZER_NUMBER_OBJECT_CONVERSION = YES_AGGRESSIVE;
				CLANG_CXX_LANGUAGE_STANDARD = "gnu++14";
				CLANG_CXX_LIBRARY = "libc++";
				CLANG_ENABLE_MODULES = YES;
				CLANG_ENABLE_OBJC_ARC = YES;
				CLANG_ENABLE_OBJC_WEAK = YES;
				CLANG_WARN_BLOCK_CAPTURE_AUTORELEASING = YES;
				CLANG_WARN_BOOL_CONVERSION = YES;
				CLANG_WARN_COMMA = YES;
				CLANG_WARN_CONSTANT_CONVERSION = YES;
				CLANG_WARN_DEPRECATED_OBJC_IMPLEMENTATIONS = YES;
				CLANG_WARN_DIRECT_OBJC_ISA_USAGE = YES_ERROR;
				CLANG_WARN_DOCUMENTATION_COMMENTS = YES;
				CLANG_WARN_EMPTY_BODY = YES;
				CLANG_WARN_ENUM_CONVERSION = YES;
				CLANG_WARN_INFINITE_RECURSION = YES;
				CLANG_WARN_INT_CONVERSION = YES;
				CLANG_WARN_NON_LITERAL_NULL_CONVERSION = YES;
				CLANG_WARN_OBJC_IMPLICIT_RETAIN_SELF = YES;
				CLANG_WARN_OBJC_LITERAL_CONVERSION = YES;
				CLANG_WARN_OBJC_ROOT_CLASS = YES_ERROR;
				CLANG_WARN_RANGE_LOOP_ANALYSIS = YES;
				CLANG_WARN_STRICT_PROTOTYPES = YES;
				CLANG_WARN_SUSPICIOUS_MOVE = YES;
				CLANG_WARN_UNGUARDED_AVAILABILITY = YES_AGGRESSIVE;
				CLANG_WARN_UNREACHABLE_CODE = YES;
				CLANG_WARN__DUPLICATE_METHOD_MATCH = YES;
				COPY_PHASE_STRIP = NO;
				DEBUG_INFORMATION_FORMAT = "dwarf-with-dsym";
				ENABLE_NS_ASSERTIONS = NO;
				ENABLE_STRICT_OBJC_MSGSEND = YES;
				GCC_C_LANGUAGE_STANDARD = gnu11;
				GCC_NO_COMMON_BLOCKS = YES;
				GCC_WARN_64_TO_32_BIT_CONVERSION = YES;
				GCC_WARN_ABOUT_RETURN_TYPE = YES_ERROR;
				GCC_WARN_UNDECLARED_SELECTOR = YES;
				GCC_WARN_UNINITIALIZED_AUTOS = YES_AGGRESSIVE;
				GCC_WARN_UNUSED_FUNCTION = YES;
				GCC_WARN_UNUSED_VARIABLE = YES;
				IPHONEOS_DEPLOYMENT_TARGET = 13.2;
				MTL_ENABLE_DEBUG_INFO = NO;
				MTL_FAST_MATH = YES;
				SDKROOT = iphoneos;
				SWIFT_COMPILATION_MODE = wholemodule;
				SWIFT_OPTIMIZATION_LEVEL = "-O";
				VALIDATE_PRODUCT = YES;
			};
			name = Release;
		};
		470383F224385DB000F7D1A3 /* Debug */ = {
			isa = XCBuildConfiguration;
			buildSettings = {
				ASSETCATALOG_COMPILER_APPICON_NAME = AppIcon;
				CODE_SIGN_STYLE = Automatic;
				DEVELOPMENT_ASSET_PATHS = "\"SwiftUIEssentials/Preview Content\"";
				DEVELOPMENT_TEAM = RB29W73W6R;
				ENABLE_PREVIEWS = YES;
				INFOPLIST_FILE = SwiftUIEssentials/Info.plist;
				LD_RUNPATH_SEARCH_PATHS = (
					"$(inherited)",
					"@executable_path/Frameworks",
				);
				PRODUCT_BUNDLE_IDENTIFIER = com.hungryloin.SwiftUIEssentials;
				PRODUCT_NAME = "$(TARGET_NAME)";
				SWIFT_VERSION = 5.0;
				TARGETED_DEVICE_FAMILY = "1,2";
			};
			name = Debug;
		};
		470383F324385DB000F7D1A3 /* Release */ = {
			isa = XCBuildConfiguration;
			buildSettings = {
				ASSETCATALOG_COMPILER_APPICON_NAME = AppIcon;
				CODE_SIGN_STYLE = Automatic;
				DEVELOPMENT_ASSET_PATHS = "\"SwiftUIEssentials/Preview Content\"";
				DEVELOPMENT_TEAM = RB29W73W6R;
				ENABLE_PREVIEWS = YES;
				INFOPLIST_FILE = SwiftUIEssentials/Info.plist;
				LD_RUNPATH_SEARCH_PATHS = (
					"$(inherited)",
					"@executable_path/Frameworks",
				);
				PRODUCT_BUNDLE_IDENTIFIER = com.hungryloin.SwiftUIEssentials;
				PRODUCT_NAME = "$(TARGET_NAME)";
				SWIFT_VERSION = 5.0;
				TARGETED_DEVICE_FAMILY = "1,2";
			};
			name = Release;
		};
		470383F524385DB000F7D1A3 /* Debug */ = {
			isa = XCBuildConfiguration;
			buildSettings = {
				ALWAYS_EMBED_SWIFT_STANDARD_LIBRARIES = YES;
				BUNDLE_LOADER = "$(TEST_HOST)";
				CODE_SIGN_STYLE = Automatic;
				DEVELOPMENT_TEAM = RB29W73W6R;
				INFOPLIST_FILE = SwiftUIEssentialsTests/Info.plist;
				IPHONEOS_DEPLOYMENT_TARGET = 13.2;
				LD_RUNPATH_SEARCH_PATHS = (
					"$(inherited)",
					"@executable_path/Frameworks",
					"@loader_path/Frameworks",
				);
				PRODUCT_BUNDLE_IDENTIFIER = com.hungryloin.SwiftUIEssentialsTests;
				PRODUCT_NAME = "$(TARGET_NAME)";
				SWIFT_VERSION = 5.0;
				TARGETED_DEVICE_FAMILY = "1,2";
				TEST_HOST = "$(BUILT_PRODUCTS_DIR)/SwiftUIEssentials.app/SwiftUIEssentials";
			};
			name = Debug;
		};
		470383F624385DB000F7D1A3 /* Release */ = {
			isa = XCBuildConfiguration;
			buildSettings = {
				ALWAYS_EMBED_SWIFT_STANDARD_LIBRARIES = YES;
				BUNDLE_LOADER = "$(TEST_HOST)";
				CODE_SIGN_STYLE = Automatic;
				DEVELOPMENT_TEAM = RB29W73W6R;
				INFOPLIST_FILE = SwiftUIEssentialsTests/Info.plist;
				IPHONEOS_DEPLOYMENT_TARGET = 13.2;
				LD_RUNPATH_SEARCH_PATHS = (
					"$(inherited)",
					"@executable_path/Frameworks",
					"@loader_path/Frameworks",
				);
				PRODUCT_BUNDLE_IDENTIFIER = com.hungryloin.SwiftUIEssentialsTests;
				PRODUCT_NAME = "$(TARGET_NAME)";
				SWIFT_VERSION = 5.0;
				TARGETED_DEVICE_FAMILY = "1,2";
				TEST_HOST = "$(BUILT_PRODUCTS_DIR)/SwiftUIEssentials.app/SwiftUIEssentials";
			};
			name = Release;
		};
		470383F824385DB000F7D1A3 /* Debug */ = {
			isa = XCBuildConfiguration;
			buildSettings = {
				ALWAYS_EMBED_SWIFT_STANDARD_LIBRARIES = YES;
				CODE_SIGN_STYLE = Automatic;
				DEVELOPMENT_TEAM = RB29W73W6R;
				INFOPLIST_FILE = SwiftUIEssentialsUITests/Info.plist;
				LD_RUNPATH_SEARCH_PATHS = (
					"$(inherited)",
					"@executable_path/Frameworks",
					"@loader_path/Frameworks",
				);
				PRODUCT_BUNDLE_IDENTIFIER = com.hungryloin.SwiftUIEssentialsUITests;
				PRODUCT_NAME = "$(TARGET_NAME)";
				SWIFT_VERSION = 5.0;
				TARGETED_DEVICE_FAMILY = "1,2";
				TEST_TARGET_NAME = SwiftUIEssentials;
			};
			name = Debug;
		};
		470383F924385DB000F7D1A3 /* Release */ = {
			isa = XCBuildConfiguration;
			buildSettings = {
				ALWAYS_EMBED_SWIFT_STANDARD_LIBRARIES = YES;
				CODE_SIGN_STYLE = Automatic;
				DEVELOPMENT_TEAM = RB29W73W6R;
				INFOPLIST_FILE = SwiftUIEssentialsUITests/Info.plist;
				LD_RUNPATH_SEARCH_PATHS = (
					"$(inherited)",
					"@executable_path/Frameworks",
					"@loader_path/Frameworks",
				);
				PRODUCT_BUNDLE_IDENTIFIER = com.hungryloin.SwiftUIEssentialsUITests;
				PRODUCT_NAME = "$(TARGET_NAME)";
				SWIFT_VERSION = 5.0;
				TARGETED_DEVICE_FAMILY = "1,2";
				TEST_TARGET_NAME = SwiftUIEssentials;
			};
			name = Release;
		};
/* End XCBuildConfiguration section */

/* Begin XCConfigurationList section */
		470383C224385DAD00F7D1A3 /* Build configuration list for PBXProject "SwiftUIEssentials" */ = {
			isa = XCConfigurationList;
			buildConfigurations = (
				470383EF24385DB000F7D1A3 /* Debug */,
				470383F024385DB000F7D1A3 /* Release */,
			);
			defaultConfigurationIsVisible = 0;
			defaultConfigurationName = Release;
		};
		470383F124385DB000F7D1A3 /* Build configuration list for PBXNativeTarget "SwiftUIEssentials" */ = {
			isa = XCConfigurationList;
			buildConfigurations = (
				470383F224385DB000F7D1A3 /* Debug */,
				470383F324385DB000F7D1A3 /* Release */,
			);
			defaultConfigurationIsVisible = 0;
			defaultConfigurationName = Release;
		};
		470383F424385DB000F7D1A3 /* Build configuration list for PBXNativeTarget "SwiftUIEssentialsTests" */ = {
			isa = XCConfigurationList;
			buildConfigurations = (
				470383F524385DB000F7D1A3 /* Debug */,
				470383F624385DB000F7D1A3 /* Release */,
			);
			defaultConfigurationIsVisible = 0;
			defaultConfigurationName = Release;
		};
		470383F724385DB000F7D1A3 /* Build configuration list for PBXNativeTarget "SwiftUIEssentialsUITests" */ = {
			isa = XCConfigurationList;
			buildConfigurations = (
				470383F824385DB000F7D1A3 /* Debug */,
				470383F924385DB000F7D1A3 /* Release */,
			);
			defaultConfigurationIsVisible = 0;
			defaultConfigurationName = Release;
		};
/* End XCConfigurationList section */
	};
	rootObject = 470383BF24385DAD00F7D1A3 /* Project object */;
}
